
Microsoft Visual Studio Solution File, Format Version 12.00
# Visual Studio 15
VisualStudioVersion = 15.0.27004.2002
MinimumVisualStudioVersion = 10.0.40219.1
Project("{2150E333-8FDC-42A3-9474-1A3956D46DE8}") = "src", "src", "{BFAB0D10-786A-4F6B-AA8E-0DB9862074A4}"
EndProject
Project("{2150E333-8FDC-42A3-9474-1A3956D46DE8}") = "Solution Items", "Solution Items", "{FF435292-2858-450D-A712-E18043B3EE18}"
	ProjectSection(SolutionItems) = preProject
		docker-compose.override.yml = docker-compose.override.yml
		docker-compose.yml = docker-compose.yml
		Dockerfile = Dockerfile
	EndProjectSection
EndProject
Project("{9A19103F-16F7-4668-BE54-9A1E7A4F7556}") = "SoSemiVigelant", "src/SoSemiVigelant/SoSemiVigelant.csproj", "{81A85072-15EA-4304-AEBE-47BF04F5847C}"
	ProjectSection(ProjectDependencies) = postProject
		{FF302D32-A28F-46EB-A1B6-FE40C465EB61} = {FF302D32-A28F-46EB-A1B6-FE40C465EB61}
		{47027F36-B362-4045-B2AE-F58FF911755A} = {47027F36-B362-4045-B2AE-F58FF911755A}
		{91E5594C-4417-40B6-9818-7498FC9BD807} = {91E5594C-4417-40B6-9818-7498FC9BD807}
	EndProjectSection
EndProject
Project("{9A19103F-16F7-4668-BE54-9A1E7A4F7556}") = "SoSemiVigelant.Data", "src/SoSemiVigelant.Data/SoSemiVigelant.Data.csproj", "{FF302D32-A28F-46EB-A1B6-FE40C465EB61}"
EndProject
Project("{9A19103F-16F7-4668-BE54-9A1E7A4F7556}") = "SoSemiVigelant.Provider", "src/SoSemiVigelant.Provider/SoSemiVigelant.Provider.csproj", "{47027F36-B362-4045-B2AE-F58FF911755A}"
	ProjectSection(ProjectDependencies) = postProject
		{FF302D32-A28F-46EB-A1B6-FE40C465EB61} = {FF302D32-A28F-46EB-A1B6-FE40C465EB61}
	EndProjectSection
EndProject
Project("{9A19103F-16F7-4668-BE54-9A1E7A4F7556}") = "SoSemiVigelant.Core", "src/SoSemiVigelant.Core/SoSemiVigelant.Core.csproj", "{91E5594C-4417-40B6-9818-7498FC9BD807}"
EndProject
Global
	GlobalSection(SolutionConfigurationPlatforms) = preSolution
		Debug|Any CPU = Debug|Any CPU
		Release|Any CPU = Release|Any CPU
	EndGlobalSection
	GlobalSection(ProjectConfigurationPlatforms) = postSolution
		{81A85072-15EA-4304-AEBE-47BF04F5847C}.Debug|Any CPU.ActiveCfg = Debug|Any CPU
		{81A85072-15EA-4304-AEBE-47BF04F5847C}.Debug|Any CPU.Build.0 = Debug|Any CPU
		{81A85072-15EA-4304-AEBE-47BF04F5847C}.Release|Any CPU.ActiveCfg = Release|Any CPU
		{81A85072-15EA-4304-AEBE-47BF04F5847C}.Release|Any CPU.Build.0 = Release|Any CPU
		{FF302D32-A28F-46EB-A1B6-FE40C465EB61}.Debug|Any CPU.ActiveCfg = Debug|Any CPU
		{FF302D32-A28F-46EB-A1B6-FE40C465EB61}.Debug|Any CPU.Build.0 = Debug|Any CPU
		{FF302D32-A28F-46EB-A1B6-FE40C465EB61}.Release|Any CPU.ActiveCfg = Release|Any CPU
		{FF302D32-A28F-46EB-A1B6-FE40C465EB61}.Release|Any CPU.Build.0 = Release|Any CPU
		{47027F36-B362-4045-B2AE-F58FF911755A}.Debug|Any CPU.ActiveCfg = Debug|Any CPU
		{47027F36-B362-4045-B2AE-F58FF911755A}.Debug|Any CPU.Build.0 = Debug|Any CPU
		{47027F36-B362-4045-B2AE-F58FF911755A}.Release|Any CPU.ActiveCfg = Release|Any CPU
		{47027F36-B362-4045-B2AE-F58FF911755A}.Release|Any CPU.Build.0 = Release|Any CPU
		{91E5594C-4417-40B6-9818-7498FC9BD807}.Debug|Any CPU.ActiveCfg = Debug|Any CPU
		{91E5594C-4417-40B6-9818-7498FC9BD807}.Debug|Any CPU.Build.0 = Debug|Any CPU
		{91E5594C-4417-40B6-9818-7498FC9BD807}.Release|Any CPU.ActiveCfg = Release|Any CPU
		{91E5594C-4417-40B6-9818-7498FC9BD807}.Release|Any CPU.Build.0 = Release|Any CPU
	EndGlobalSection
	GlobalSection(SolutionProperties) = preSolution
		HideSolutionNode = FALSE
	EndGlobalSection
	GlobalSection(NestedProjects) = preSolution
		{81A85072-15EA-4304-AEBE-47BF04F5847C} = {BFAB0D10-786A-4F6B-AA8E-0DB9862074A4}
		{FF302D32-A28F-46EB-A1B6-FE40C465EB61} = {BFAB0D10-786A-4F6B-AA8E-0DB9862074A4}
		{47027F36-B362-4045-B2AE-F58FF911755A} = {BFAB0D10-786A-4F6B-AA8E-0DB9862074A4}
		{91E5594C-4417-40B6-9818-7498FC9BD807} = {BFAB0D10-786A-4F6B-AA8E-0DB9862074A4}
	EndGlobalSection
	GlobalSection(ExtensibilityGlobals) = postSolution
		SolutionGuid = {0183C057-41BA-490A-B7C6-A5A2FF74DC79}
	EndGlobalSection
EndGlobal
